
Microsoft Visual Studio Solution File, Format Version 12.00
# Visual Studio 2013
VisualStudioVersion = 12.0.21005.1
MinimumVisualStudioVersion = 10.0.40219.1
Project("{FAE04EC0-301F-11D3-BF4B-00C04F79EFBC}") = "CertificatesBackend", "CertificatesBackend\CertificatesBackend.csproj", "{38B27EE1-DCE5-4DA1-AAFC-2223DE74A87C}"
EndProject
Project("{FAE04EC0-301F-11D3-BF4B-00C04F79EFBC}") = "CertificatesBackend.Tests", "CertificatesBackend.Tests\CertificatesBackend.Tests.csproj", "{A4164CBF-7FCB-433E-9ED8-D6B575FABF15}"
EndProject
Global
	GlobalSection(SolutionConfigurationPlatforms) = preSolution
		Debug|Any CPU = Debug|Any CPU
		Release|Any CPU = Release|Any CPU
	EndGlobalSection
	GlobalSection(ProjectConfigurationPlatforms) = postSolution
		{38B27EE1-DCE5-4DA1-AAFC-2223DE74A87C}.Debug|Any CPU.ActiveCfg = Debug|Any CPU
		{38B27EE1-DCE5-4DA1-AAFC-2223DE74A87C}.Debug|Any CPU.Build.0 = Debug|Any CPU
		{38B27EE1-DCE5-4DA1-AAFC-2223DE74A87C}.Release|Any CPU.ActiveCfg = Release|Any CPU
		{38B27EE1-DCE5-4DA1-AAFC-2223DE74A87C}.Release|Any CPU.Build.0 = Release|Any CPU
		{A4164CBF-7FCB-433E-9ED8-D6B575FABF15}.Debug|Any CPU.ActiveCfg = Debug|Any CPU
		{A4164CBF-7FCB-433E-9ED8-D6B575FABF15}.Debug|Any CPU.Build.0 = Debug|Any CPU
		{A4164CBF-7FCB-433E-9ED8-D6B575FABF15}.Release|Any CPU.ActiveCfg = Release|Any CPU
		{A4164CBF-7FCB-433E-9ED8-D6B575FABF15}.Release|Any CPU.Build.0 = Release|Any CPU
	EndGlobalSection
	GlobalSection(SolutionProperties) = preSolution
		HideSolutionNode = FALSE
	EndGlobalSection
EndGlobal
